# This file is automatically @generated by Poetry 1.8.2 and should not be changed by hand.

[[package]]
name = "colorama"
version = "0.4.6"
description = "Cross-platform colored terminal text."
optional = false
python-versions = "!=3.0.*,!=3.1.*,!=3.2.*,!=3.3.*,!=3.4.*,!=3.5.*,!=3.6.*,>=2.7"
files = [
    {file = "colorama-0.4.6-py2.py3-none-any.whl", hash = "sha256:4f1d9991f5acc0ca119f9d443620b77f9d6b33703e51011c16baf57afb285fc6"},
    {file = "colorama-0.4.6.tar.gz", hash = "sha256:08695f5cb7ed6e0531a20572697297273c47b8cae5a63ffc6d6ed5c201be6e44"},
]

[[package]]
name = "confluent-kafka"
version = "2.3.0"
description = "Confluent's Python client for Apache Kafka"
optional = false
python-versions = "*"
files = [
    {file = "confluent-kafka-2.3.0.tar.gz", hash = "sha256:4069e7b56e0baf9db18c053a605213f0ab2d8f23715dca7b3bd97108df446ced"},
    {file = "confluent_kafka-2.3.0-cp310-cp310-macosx_10_9_x86_64.whl", hash = "sha256:5df845755cd3ebb9165ca00fd1d3a7d514c61e84d9fcbe7babb91193fe9b369c"},
    {file = "confluent_kafka-2.3.0-cp310-cp310-macosx_11_0_arm64.whl", hash = "sha256:9ab2217875b731bd390582952e0f9cbe3e7b34774490f01afca70728f0d8b469"},
    {file = "confluent_kafka-2.3.0-cp310-cp310-manylinux_2_17_x86_64.manylinux2014_x86_64.whl", hash = "sha256:62046e8a75c7a6883a0f1f4a635573fd7e1665eeacace65e7f6d59cbaa94697d"},
    {file = "confluent_kafka-2.3.0-cp310-cp310-manylinux_2_28_aarch64.whl", hash = "sha256:1eba38061e9ed1c0a369c129bf01d07499286cc3cb295398b88a7037c14371fb"},
    {file = "confluent_kafka-2.3.0-cp310-cp310-win_amd64.whl", hash = "sha256:a6abece28598fa2b59d2b9399fcec03440aaa73fd207fdad048a6030d7e897e1"},
    {file = "confluent_kafka-2.3.0-cp311-cp311-macosx_10_9_x86_64.whl", hash = "sha256:d55fbdcd75586dd17fe3fe64f4b4efa1c93ce9dd09c275de46f75772826e8860"},
    {file = "confluent_kafka-2.3.0-cp311-cp311-macosx_11_0_arm64.whl", hash = "sha256:ec17b26d6155feeaded4a435ba949095aea9699afb65309d8f22e55722f53c48"},
    {file = "confluent_kafka-2.3.0-cp311-cp311-manylinux_2_17_x86_64.manylinux2014_x86_64.whl", hash = "sha256:e9b42bf1b75fdd9aa20c77b27f166f6289440ac649f70622a0117a8e7aa6169d"},
    {file = "confluent_kafka-2.3.0-cp311-cp311-manylinux_2_28_aarch64.whl", hash = "sha256:7f9f4099aaf2c5daae828d2f356e4277d0ef0485ec883dbe395f0c0e054450d0"},
    {file = "confluent_kafka-2.3.0-cp311-cp311-win_amd64.whl", hash = "sha256:1c6b29d57df99dabd45e67fd0aa46f17f195b057734ad84cf9cfdc2542855c10"},
    {file = "confluent_kafka-2.3.0-cp312-cp312-macosx_10_9_x86_64.whl", hash = "sha256:6b46ce75bda0c092da103dbd55cb0ba429c73c232e70b476b19a0ab247ec9057"},
    {file = "confluent_kafka-2.3.0-cp312-cp312-macosx_11_0_arm64.whl", hash = "sha256:af60af786a7b8cbeafea51a9416664b96b0f5ef6243172b0bc59e5f75e8bd86a"},
    {file = "confluent_kafka-2.3.0-cp312-cp312-manylinux_2_17_x86_64.manylinux2014_x86_64.whl", hash = "sha256:e08b601e09a584c6a4a8c323a71e92fca31a8826ed33b5b95b26783b7a996026"},
    {file = "confluent_kafka-2.3.0-cp312-cp312-manylinux_2_28_aarch64.whl", hash = "sha256:7fd1ab257d4fa0e2a98529e4eb2102cf8352ad6b3d22110d6cf0bb1f598893d9"},
    {file = "confluent_kafka-2.3.0-cp312-cp312-win_amd64.whl", hash = "sha256:1ccf6483d86535627cad7b94982ea95d9fa9ae04ddb552e097c1211ffcde5ea7"},
    {file = "confluent_kafka-2.3.0-cp36-cp36m-macosx_10_9_x86_64.whl", hash = "sha256:030fb237927ec2296882a9bb96237ebf86e48388166b15ec0bbf3fdeb48df81a"},
    {file = "confluent_kafka-2.3.0-cp36-cp36m-manylinux_2_17_x86_64.manylinux2014_x86_64.whl", hash = "sha256:bc24c57a52c206648685e1c536afb8447d1cbbbf3871cacebccf2e5b67bdf535"},
    {file = "confluent_kafka-2.3.0-cp36-cp36m-manylinux_2_28_aarch64.whl", hash = "sha256:25292a9a8ef7765c85636851d6c4d5e5e98d6ead627b59637b24a5779e8a4b02"},
    {file = "confluent_kafka-2.3.0-cp36-cp36m-win_amd64.whl", hash = "sha256:d634d4d9914b0a28ec3e37ab7b150173aa34c81fd5bd0b4dcac972b520ad56cc"},
    {file = "confluent_kafka-2.3.0-cp37-cp37m-macosx_10_9_x86_64.whl", hash = "sha256:ebf460d90478bcd1b4564023a5b081c6e5390b28dbabbb17ee664e223830465d"},
    {file = "confluent_kafka-2.3.0-cp37-cp37m-manylinux_2_17_x86_64.manylinux2014_x86_64.whl", hash = "sha256:cec97f8c6564b16504d30fe42c22fd4a86c406dbcd45c337b93c21e876e20628"},
    {file = "confluent_kafka-2.3.0-cp37-cp37m-manylinux_2_28_aarch64.whl", hash = "sha256:128ddb28c19ab57c18c0e3d8209d089b6b90ff111b20108764f6798468432693"},
    {file = "confluent_kafka-2.3.0-cp37-cp37m-win_amd64.whl", hash = "sha256:0470dc5e56e639693149961409bc6b663df94d68ceae296ae9c42e079fe65d00"},
    {file = "confluent_kafka-2.3.0-cp38-cp38-macosx_10_9_x86_64.whl", hash = "sha256:b539064fef35386936a0d2dadf8a82b8b0ae325af95d9263a2431b82671c4702"},
    {file = "confluent_kafka-2.3.0-cp38-cp38-macosx_11_0_arm64.whl", hash = "sha256:4f9998f781a1da0c9dcb5506792a39799cb54e28c6f986ddc73e362887042f7c"},
    {file = "confluent_kafka-2.3.0-cp38-cp38-manylinux_2_17_x86_64.manylinux2014_x86_64.whl", hash = "sha256:f175e11facaf12130abd5d2d471db39d7cc89126c4d991527cf14e3da22c635c"},
    {file = "confluent_kafka-2.3.0-cp38-cp38-manylinux_2_28_aarch64.whl", hash = "sha256:f9842720ed0debcf4620710e01d356681a4812441f1ff49664fc205d1f9120e5"},
    {file = "confluent_kafka-2.3.0-cp38-cp38-win_amd64.whl", hash = "sha256:cf015e547b82a74a87d7363d0d42e4cd0ca23b01cdb479639a340f385581ea04"},
    {file = "confluent_kafka-2.3.0-cp39-cp39-macosx_10_9_x86_64.whl", hash = "sha256:e5c740ead14a2510e15f63e67b19d48ae48a7f30ef4823d5af125bad528033d1"},
    {file = "confluent_kafka-2.3.0-cp39-cp39-macosx_11_0_arm64.whl", hash = "sha256:6ae5e6a6dcd5ce85b9153c21c9f0b83e0cc88a5955b5334079db76c2267deb63"},
    {file = "confluent_kafka-2.3.0-cp39-cp39-manylinux_2_17_x86_64.manylinux2014_x86_64.whl", hash = "sha256:ca36a8d1d49fd55cca1b7ec3090ca2684a933e63f196f0e3e506194b189fc31e"},
    {file = "confluent_kafka-2.3.0-cp39-cp39-manylinux_2_28_aarch64.whl", hash = "sha256:210f2d346d1006e9b95c5204f7255735d4cb5ec962a3d1a68ac60c02e2763ae4"},
    {file = "confluent_kafka-2.3.0-cp39-cp39-win_amd64.whl", hash = "sha256:cb279e369121e07ccb419220fc039127345a9e5f72f4abf7dda0e2e06a12b604"},
]

[package.extras]
avro = ["avro (>=1.11.1,<2)", "fastavro (>=0.23.0,<1.0)", "fastavro (>=1.0)", "requests"]
dev = ["avro (>=1.11.1,<2)", "fastavro (>=0.23.0,<1.0)", "fastavro (>=1.0)", "flake8", "pytest", "pytest (==4.6.4)", "pytest-timeout", "requests"]
doc = ["avro (>=1.11.1,<2)", "fastavro (>=0.23.0,<1.0)", "fastavro (>=1.0)", "requests", "sphinx", "sphinx-rtd-theme"]
json = ["jsonschema", "pyrsistent", "pyrsistent (==0.16.1)", "requests"]
protobuf = ["protobuf", "requests"]
schema-registry = ["requests"]

[[package]]
name = "iniconfig"
version = "2.0.0"
description = "brain-dead simple config-ini parsing"
optional = false
python-versions = ">=3.7"
files = [
    {file = "iniconfig-2.0.0-py3-none-any.whl", hash = "sha256:b6a85871a79d2e3b22d2d1b94ac2824226a63c6b741c88f7ae975f18b6778374"},
    {file = "iniconfig-2.0.0.tar.gz", hash = "sha256:2d91e135bf72d31a410b17c16da610a82cb55f6b0477d1a902134b24a455b8b3"},
]

[[package]]
name = "packaging"
version = "24.0"
description = "Core utilities for Python packages"
optional = false
python-versions = ">=3.7"
files = [
    {file = "packaging-24.0-py3-none-any.whl", hash = "sha256:2ddfb553fdf02fb784c234c7ba6ccc288296ceabec964ad2eae3777778130bc5"},
    {file = "packaging-24.0.tar.gz", hash = "sha256:eb82c5e3e56209074766e6885bb04b8c38a0c015d0a30036ebe7ece34c9989e9"},
]

[[package]]
name = "pluggy"
version = "1.4.0"
description = "plugin and hook calling mechanisms for python"
optional = false
python-versions = ">=3.8"
files = [
    {file = "pluggy-1.4.0-py3-none-any.whl", hash = "sha256:7db9f7b503d67d1c5b95f59773ebb58a8c1c288129a88665838012cfb07b8981"},
    {file = "pluggy-1.4.0.tar.gz", hash = "sha256:8c85c2876142a764e5b7548e7d9a0e0ddb46f5185161049a79b7e974454223be"},
]

[package.extras]
dev = ["pre-commit", "tox"]
testing = ["pytest", "pytest-benchmark"]

[[package]]
name = "pytest"
version = "8.1.1"
description = "pytest: simple powerful testing with Python"
optional = false
python-versions = ">=3.8"
files = [
    {file = "pytest-8.1.1-py3-none-any.whl", hash = "sha256:2a8386cfc11fa9d2c50ee7b2a57e7d898ef90470a7a34c4b949ff59662bb78b7"},
    {file = "pytest-8.1.1.tar.gz", hash = "sha256:ac978141a75948948817d360297b7aae0fcb9d6ff6bc9ec6d514b85d5a65c044"},
]

[package.dependencies]
colorama = {version = "*", markers = "sys_platform == \"win32\""}
iniconfig = "*"
packaging = "*"
pluggy = ">=1.4,<2.0"

[package.extras]
testing = ["argcomplete", "attrs (>=19.2)", "hypothesis (>=3.56)", "mock", "pygments (>=2.7.2)", "requests", "setuptools", "xmlschema"]

[[package]]
name = "typing-extensions"
version = "4.10.0"
description = "Backported and Experimental Type Hints for Python 3.8+"
optional = false
python-versions = ">=3.8"
files = [
    {file = "typing_extensions-4.10.0-py3-none-any.whl", hash = "sha256:69b1a937c3a517342112fb4c6df7e72fc39a38e7891a5730ed4985b5214b5475"},
    {file = "typing_extensions-4.10.0.tar.gz", hash = "sha256:b0abd7c89e8fb96f98db18d86106ff1d90ab692004eb746cf6eda2682f91b3cb"},
]

[[package]]
name = "urwid"
version = "2.6.10"
description = "A full-featured console (xterm et al.) user interface library"
optional = false
python-versions = ">3.7"
files = [
    {file = "urwid-2.6.10-py3-none-any.whl", hash = "sha256:f5d290ab01a9cf69a062d5d04ff69111903d41fc14ed03f3ed92cb36f5ef4735"},
    {file = "urwid-2.6.10.tar.gz", hash = "sha256:ae33355c414c13214e541d3634f3c8a0bfb373914e62ffbcf2fa863527706321"},
]

[package.dependencies]
typing-extensions = "*"
wcwidth = "*"

[package.extras]
curses = ["windows-curses"]
glib = ["PyGObject"]
lcd = ["pyserial"]
serial = ["pyserial"]
tornado = ["tornado (>=5.0)"]
trio = ["exceptiongroup", "trio (>=0.22.0)"]
twisted = ["twisted"]
zmq = ["zmq"]

[[package]]
name = "wcwidth"
version = "0.2.13"
description = "Measures the displayed width of unicode strings in a terminal"
optional = false
python-versions = "*"
files = [
    {file = "wcwidth-0.2.13-py2.py3-none-any.whl", hash = "sha256:3da69048e4540d84af32131829ff948f1e022c1c6bdb8d6102117aac784f6859"},
    {file = "wcwidth-0.2.13.tar.gz", hash = "sha256:72ea0c06399eb286d978fdedb6923a9eb47e1c486ce63e9b4e64fc18303972b5"},
]

[metadata]
lock-version = "2.0"
python-versions = "^3.11"
content-hash = "024a3c80f61ad1fbcbdde74bdee53e40962bd3bf1647b830b4ce364bcf86f4ec"
